
Microsoft Visual Studio Solution File, Format Version 12.00
# Visual Studio Version 17
VisualStudioVersion = 17.6.33829.357
MinimumVisualStudioVersion = 10.0.40219.1
Project("{FAE04EC0-301F-11D3-BF4B-00C04F79EFBC}") = "EmployeeManagementAPI", "EmployeeManagementAPI\EmployeeManagementAPI.csproj", "{1DDB8AF1-A63E-4455-9270-793F4C174FCF}"
EndProject
Project("{FAE04EC0-301F-11D3-BF4B-00C04F79EFBC}") = "BOL", "BOL\BOL.csproj", "{DC22CA06-9856-400D-B5FA-FA928D2C334B}"
EndProject
Project("{FAE04EC0-301F-11D3-BF4B-00C04F79EFBC}") = "EmployeeServices", "EmployeeServices\EmployeeServices.csproj", "{1205C7F2-E132-4D44-8740-0D7C6418390F}"
EndProject
Project("{FAE04EC0-301F-11D3-BF4B-00C04F79EFBC}") = "Repositories", "Repositories\Repositories.csproj", "{38BEDDA8-AAE1-41EE-9EF9-D51EEFE5C2DC}"
EndProject
Global
	GlobalSection(SolutionConfigurationPlatforms) = preSolution
		Debug|Any CPU = Debug|Any CPU
		Release|Any CPU = Release|Any CPU
	EndGlobalSection
	GlobalSection(ProjectConfigurationPlatforms) = postSolution
		{1DDB8AF1-A63E-4455-9270-793F4C174FCF}.Debug|Any CPU.ActiveCfg = Debug|Any CPU
		{1DDB8AF1-A63E-4455-9270-793F4C174FCF}.Debug|Any CPU.Build.0 = Debug|Any CPU
		{1DDB8AF1-A63E-4455-9270-793F4C174FCF}.Release|Any CPU.ActiveCfg = Release|Any CPU
		{1DDB8AF1-A63E-4455-9270-793F4C174FCF}.Release|Any CPU.Build.0 = Release|Any CPU
		{DC22CA06-9856-400D-B5FA-FA928D2C334B}.Debug|Any CPU.ActiveCfg = Debug|Any CPU
		{DC22CA06-9856-400D-B5FA-FA928D2C334B}.Debug|Any CPU.Build.0 = Debug|Any CPU
		{DC22CA06-9856-400D-B5FA-FA928D2C334B}.Release|Any CPU.ActiveCfg = Release|Any CPU
		{DC22CA06-9856-400D-B5FA-FA928D2C334B}.Release|Any CPU.Build.0 = Release|Any CPU
		{1205C7F2-E132-4D44-8740-0D7C6418390F}.Debug|Any CPU.ActiveCfg = Debug|Any CPU
		{1205C7F2-E132-4D44-8740-0D7C6418390F}.Debug|Any CPU.Build.0 = Debug|Any CPU
		{1205C7F2-E132-4D44-8740-0D7C6418390F}.Release|Any CPU.ActiveCfg = Release|Any CPU
		{1205C7F2-E132-4D44-8740-0D7C6418390F}.Release|Any CPU.Build.0 = Release|Any CPU
		{38BEDDA8-AAE1-41EE-9EF9-D51EEFE5C2DC}.Debug|Any CPU.ActiveCfg = Debug|Any CPU
		{38BEDDA8-AAE1-41EE-9EF9-D51EEFE5C2DC}.Debug|Any CPU.Build.0 = Debug|Any CPU
		{38BEDDA8-AAE1-41EE-9EF9-D51EEFE5C2DC}.Release|Any CPU.ActiveCfg = Release|Any CPU
		{38BEDDA8-AAE1-41EE-9EF9-D51EEFE5C2DC}.Release|Any CPU.Build.0 = Release|Any CPU
	EndGlobalSection
	GlobalSection(SolutionProperties) = preSolution
		HideSolutionNode = FALSE
	EndGlobalSection
	GlobalSection(ExtensibilityGlobals) = postSolution
		SolutionGuid = {781D328B-55C1-408F-A1B8-BF1B879BA7A1}
	EndGlobalSection
EndGlobal
